// !$*UTF8*$!
{
	archiveVersion = 1;
	classes = {
	};
	objectVersion = 52;
	objects = {

/* Begin PBXBuildFile section */
		F91EBE46259E405400A8BCB1 /* PINOperation.framework in Frameworks */ = {isa = PBXBuildFile; fileRef = F91EBE42259E405400A8BCB1 /* PINOperation.framework */; };
		F91EBE47259E405400A8BCB1 /* PINRemoteImage.framework in Frameworks */ = {isa = PBXBuildFile; fileRef = F91EBE43259E405400A8BCB1 /* PINRemoteImage.framework */; };
		F91EBE48259E405400A8BCB1 /* PINCache.framework in Frameworks */ = {isa = PBXBuildFile; fileRef = F91EBE44259E405400A8BCB1 /* PINCache.framework */; };
		F91EBE49259E405400A8BCB1 /* AsyncDisplayKit.framework in Frameworks */ = {isa = PBXBuildFile; fileRef = F91EBE45259E405400A8BCB1 /* AsyncDisplayKit.framework */; };
		F91EBE63259E490E00A8BCB1 /* FeedMapNode.swift in Sources */ = {isa = PBXBuildFile; fileRef = F91EBE62259E490E00A8BCB1 /* FeedMapNode.swift */; };
		F922E8C52598E89D007F33D4 /* AppDelegate.swift in Sources */ = {isa = PBXBuildFile; fileRef = F922E8C42598E89D007F33D4 /* AppDelegate.swift */; };
		F922E8CE2598E89E007F33D4 /* Image.xcassets in Resources */ = {isa = PBXBuildFile; fileRef = F922E8CD2598E89E007F33D4 /* Image.xcassets */; };
		F922E8D12598E89E007F33D4 /* LaunchScreen.storyboard in Resources */ = {isa = PBXBuildFile; fileRef = F922E8CF2598E89E007F33D4 /* LaunchScreen.storyboard */; };
		F922E8DC2598E89F007F33D4 /* CatniverseTests.swift in Sources */ = {isa = PBXBuildFile; fileRef = F922E8DB2598E89F007F33D4 /* CatniverseTests.swift */; };
		F922E8E72598E89F007F33D4 /* CatniverseUITests.swift in Sources */ = {isa = PBXBuildFile; fileRef = F922E8E62598E89F007F33D4 /* CatniverseUITests.swift */; };
		F922E9242598E9EB007F33D4 /* Color.xcassets in Resources */ = {isa = PBXBuildFile; fileRef = F922E9232598E9EB007F33D4 /* Color.xcassets */; };
		F922E9452598EA85007F33D4 /* SplashPresenter.swift in Sources */ = {isa = PBXBuildFile; fileRef = F922E93F2598EA85007F33D4 /* SplashPresenter.swift */; };
		F922E9462598EA85007F33D4 /* SplashWorker.swift in Sources */ = {isa = PBXBuildFile; fileRef = F922E9402598EA85007F33D4 /* SplashWorker.swift */; };
		F922E9472598EA85007F33D4 /* SplashRouter.swift in Sources */ = {isa = PBXBuildFile; fileRef = F922E9412598EA85007F33D4 /* SplashRouter.swift */; };
		F922E9482598EA85007F33D4 /* SplashModels.swift in Sources */ = {isa = PBXBuildFile; fileRef = F922E9422598EA85007F33D4 /* SplashModels.swift */; };
		F922E9492598EA85007F33D4 /* SplashViewController.swift in Sources */ = {isa = PBXBuildFile; fileRef = F922E9432598EA85007F33D4 /* SplashViewController.swift */; };
		F922E94A2598EA85007F33D4 /* SplashInteractor.swift in Sources */ = {isa = PBXBuildFile; fileRef = F922E9442598EA85007F33D4 /* SplashInteractor.swift */; };
		F922E9592598EB25007F33D4 /* BaseNode.swift in Sources */ = {isa = PBXBuildFile; fileRef = F922E9532598EB25007F33D4 /* BaseNode.swift */; };
		F922E95A2598EB25007F33D4 /* BaseASViewController.swift in Sources */ = {isa = PBXBuildFile; fileRef = F922E9542598EB25007F33D4 /* BaseASViewController.swift */; };
		F922E95B2598EB25007F33D4 /* BasePresenter.swift in Sources */ = {isa = PBXBuildFile; fileRef = F922E9552598EB25007F33D4 /* BasePresenter.swift */; };
		F922E95C2598EB25007F33D4 /* BaseRouter.swift in Sources */ = {isa = PBXBuildFile; fileRef = F922E9562598EB25007F33D4 /* BaseRouter.swift */; };
		F922E95D2598EB25007F33D4 /* BaseInteractor.swift in Sources */ = {isa = PBXBuildFile; fileRef = F922E9572598EB25007F33D4 /* BaseInteractor.swift */; };
		F922E95E2598EB25007F33D4 /* BaseWorker.swift in Sources */ = {isa = PBXBuildFile; fileRef = F922E9582598EB25007F33D4 /* BaseWorker.swift */; };
		F922E9642598EB6B007F33D4 /* Logging.swift in Sources */ = {isa = PBXBuildFile; fileRef = F922E9632598EB6B007F33D4 /* Logging.swift */; };
		F922E9722598EE85007F33D4 /* MainPresenter.swift in Sources */ = {isa = PBXBuildFile; fileRef = F922E96C2598EE85007F33D4 /* MainPresenter.swift */; };
		F922E9732598EE85007F33D4 /* MainWorker.swift in Sources */ = {isa = PBXBuildFile; fileRef = F922E96D2598EE85007F33D4 /* MainWorker.swift */; };
		F922E9742598EE85007F33D4 /* MainRouter.swift in Sources */ = {isa = PBXBuildFile; fileRef = F922E96E2598EE85007F33D4 /* MainRouter.swift */; };
		F922E9752598EE85007F33D4 /* MainModels.swift in Sources */ = {isa = PBXBuildFile; fileRef = F922E96F2598EE85007F33D4 /* MainModels.swift */; };
		F922E9762598EE85007F33D4 /* MainViewController.swift in Sources */ = {isa = PBXBuildFile; fileRef = F922E9702598EE85007F33D4 /* MainViewController.swift */; };
		F922E9772598EE85007F33D4 /* MainInteractor.swift in Sources */ = {isa = PBXBuildFile; fileRef = F922E9712598EE85007F33D4 /* MainInteractor.swift */; };
		F922E9932598EE97007F33D4 /* AddPresenter.swift in Sources */ = {isa = PBXBuildFile; fileRef = F922E98D2598EE97007F33D4 /* AddPresenter.swift */; };
		F922E9942598EE97007F33D4 /* AddWorker.swift in Sources */ = {isa = PBXBuildFile; fileRef = F922E98E2598EE97007F33D4 /* AddWorker.swift */; };
		F922E9952598EE97007F33D4 /* AddRouter.swift in Sources */ = {isa = PBXBuildFile; fileRef = F922E98F2598EE97007F33D4 /* AddRouter.swift */; };
		F922E9962598EE97007F33D4 /* AddModels.swift in Sources */ = {isa = PBXBuildFile; fileRef = F922E9902598EE97007F33D4 /* AddModels.swift */; };
		F922E9972598EE97007F33D4 /* AddViewController.swift in Sources */ = {isa = PBXBuildFile; fileRef = F922E9912598EE97007F33D4 /* AddViewController.swift */; };
		F922E9982598EE97007F33D4 /* AddInteractor.swift in Sources */ = {isa = PBXBuildFile; fileRef = F922E9922598EE97007F33D4 /* AddInteractor.swift */; };
		F922E9A22598EEA3007F33D4 /* UserPresenter.swift in Sources */ = {isa = PBXBuildFile; fileRef = F922E99C2598EEA3007F33D4 /* UserPresenter.swift */; };
		F922E9A32598EEA3007F33D4 /* UserWorker.swift in Sources */ = {isa = PBXBuildFile; fileRef = F922E99D2598EEA3007F33D4 /* UserWorker.swift */; };
		F922E9A42598EEA3007F33D4 /* UserRouter.swift in Sources */ = {isa = PBXBuildFile; fileRef = F922E99E2598EEA3007F33D4 /* UserRouter.swift */; };
		F922E9A52598EEA3007F33D4 /* UserModels.swift in Sources */ = {isa = PBXBuildFile; fileRef = F922E99F2598EEA3007F33D4 /* UserModels.swift */; };
		F922E9A62598EEA3007F33D4 /* UserViewController.swift in Sources */ = {isa = PBXBuildFile; fileRef = F922E9A02598EEA3007F33D4 /* UserViewController.swift */; };
		F922E9A72598EEA3007F33D4 /* UserInteractor.swift in Sources */ = {isa = PBXBuildFile; fileRef = F922E9A12598EEA3007F33D4 /* UserInteractor.swift */; };
		F922E9AC2598EF95007F33D4 /* BaseAsTabBarController.swift in Sources */ = {isa = PBXBuildFile; fileRef = F922E9AB2598EF95007F33D4 /* BaseAsTabBarController.swift */; };
		F922E9BB2598F1F5007F33D4 /* UIViewController+Rx.swift in Sources */ = {isa = PBXBuildFile; fileRef = F922E9BA2598F1F5007F33D4 /* UIViewController+Rx.swift */; };
		F922EA0F2599D592007F33D4 /* Device.swift in Sources */ = {isa = PBXBuildFile; fileRef = F922EA0E2599D592007F33D4 /* Device.swift */; };
		F922EA8C259A2D11007F33D4 /* UIViewController+.swift in Sources */ = {isa = PBXBuildFile; fileRef = F922EA8B259A2D11007F33D4 /* UIViewController+.swift */; };
		F922EA94259A2D85007F33D4 /* UIApplication.swift in Sources */ = {isa = PBXBuildFile; fileRef = F922EA93259A2D85007F33D4 /* UIApplication.swift */; };
		F922EAA1259A4269007F33D4 /* Color.swift in Sources */ = {isa = PBXBuildFile; fileRef = F922EAA0259A4269007F33D4 /* Color.swift */; };
		F922EABB259B08DE007F33D4 /* ASControlNode+Rx.swift in Sources */ = {isa = PBXBuildFile; fileRef = F922EABA259B08DE007F33D4 /* ASControlNode+Rx.swift */; };
		F922EAC0259B0913007F33D4 /* ASControlTarget.swift in Sources */ = {isa = PBXBuildFile; fileRef = F922EABF259B0913007F33D4 /* ASControlTarget.swift */; };
		F922EAC5259B094F007F33D4 /* ASRxTarget.swift in Sources */ = {isa = PBXBuildFile; fileRef = F922EAC4259B094F007F33D4 /* ASRxTarget.swift */; };
		F922EACD259B09DB007F33D4 /* ObservableType.swift in Sources */ = {isa = PBXBuildFile; fileRef = F922EACC259B09DB007F33D4 /* ObservableType.swift */; };
		F922EAD7259B11DD007F33D4 /* UIView+.swift in Sources */ = {isa = PBXBuildFile; fileRef = F922EAD6259B11DD007F33D4 /* UIView+.swift */; };
		F9680D5C259CD78B008F3A58 /* FeedPresenter.swift in Sources */ = {isa = PBXBuildFile; fileRef = F9680D56259CD78B008F3A58 /* FeedPresenter.swift */; };
		F9680D5D259CD78B008F3A58 /* FeedWorker.swift in Sources */ = {isa = PBXBuildFile; fileRef = F9680D57259CD78B008F3A58 /* FeedWorker.swift */; };
		F9680D5E259CD78B008F3A58 /* FeedRouter.swift in Sources */ = {isa = PBXBuildFile; fileRef = F9680D58259CD78B008F3A58 /* FeedRouter.swift */; };
		F9680D5F259CD78B008F3A58 /* FeedModels.swift in Sources */ = {isa = PBXBuildFile; fileRef = F9680D59259CD78B008F3A58 /* FeedModels.swift */; };
		F9680D60259CD78B008F3A58 /* FeedViewController.swift in Sources */ = {isa = PBXBuildFile; fileRef = F9680D5A259CD78B008F3A58 /* FeedViewController.swift */; };
		F9680D61259CD78B008F3A58 /* FeedInteractor.swift in Sources */ = {isa = PBXBuildFile; fileRef = F9680D5B259CD78B008F3A58 /* FeedInteractor.swift */; };
		F9680D6A259E36F7008F3A58 /* FeedBottomNode.swift in Sources */ = {isa = PBXBuildFile; fileRef = F9680D69259E36F7008F3A58 /* FeedBottomNode.swift */; };
		F9C58420259BA6BE0037B6E8 /* Then in Frameworks */ = {isa = PBXBuildFile; productRef = F9C5841F259BA6BE0037B6E8 /* Then */; };
		F9C58426259BA6FD0037B6E8 /* RxSwift in Frameworks */ = {isa = PBXBuildFile; productRef = F9C58425259BA6FD0037B6E8 /* RxSwift */; };
		F9C58428259BA6FD0037B6E8 /* RxTest in Frameworks */ = {isa = PBXBuildFile; productRef = F9C58427259BA6FD0037B6E8 /* RxTest */; };
		F9C5842A259BA6FD0037B6E8 /* RxRelay in Frameworks */ = {isa = PBXBuildFile; productRef = F9C58429259BA6FD0037B6E8 /* RxRelay */; };
		F9C5842C259BA6FD0037B6E8 /* RxCocoa in Frameworks */ = {isa = PBXBuildFile; productRef = F9C5842B259BA6FD0037B6E8 /* RxCocoa */; };
		F9C5842E259BA6FD0037B6E8 /* RxBlocking in Frameworks */ = {isa = PBXBuildFile; productRef = F9C5842D259BA6FD0037B6E8 /* RxBlocking */; };
		F9C58434259BA71E0037B6E8 /* Resolver in Frameworks */ = {isa = PBXBuildFile; productRef = F9C58433259BA71E0037B6E8 /* Resolver */; };
/* End PBXBuildFile section */

/* Begin PBXContainerItemProxy section */
		F922E8D82598E89F007F33D4 /* PBXContainerItemProxy */ = {
			isa = PBXContainerItemProxy;
			containerPortal = F922E8B92598E89D007F33D4 /* Project object */;
			proxyType = 1;
			remoteGlobalIDString = F922E8C02598E89D007F33D4;
			remoteInfo = Catniverse;
		};
		F922E8E32598E89F007F33D4 /* PBXContainerItemProxy */ = {
			isa = PBXContainerItemProxy;
			containerPortal = F922E8B92598E89D007F33D4 /* Project object */;
			proxyType = 1;
			remoteGlobalIDString = F922E8C02598E89D007F33D4;
			remoteInfo = Catniverse;
		};
/* End PBXContainerItemProxy section */

/* Begin PBXFileReference section */
		F91EBE42259E405400A8BCB1 /* PINOperation.framework */ = {isa = PBXFileReference; lastKnownFileType = wrapper.framework; name = PINOperation.framework; path = Carthage/Build/iOS/PINOperation.framework; sourceTree = "<group>"; };
		F91EBE43259E405400A8BCB1 /* PINRemoteImage.framework */ = {isa = PBXFileReference; lastKnownFileType = wrapper.framework; name = PINRemoteImage.framework; path = Carthage/Build/iOS/PINRemoteImage.framework; sourceTree = "<group>"; };
		F91EBE44259E405400A8BCB1 /* PINCache.framework */ = {isa = PBXFileReference; lastKnownFileType = wrapper.framework; name = PINCache.framework; path = Carthage/Build/iOS/PINCache.framework; sourceTree = "<group>"; };
		F91EBE45259E405400A8BCB1 /* AsyncDisplayKit.framework */ = {isa = PBXFileReference; lastKnownFileType = wrapper.framework; name = AsyncDisplayKit.framework; path = Carthage/Build/iOS/AsyncDisplayKit.framework; sourceTree = "<group>"; };
		F91EBE62259E490E00A8BCB1 /* FeedMapNode.swift */ = {isa = PBXFileReference; lastKnownFileType = sourcecode.swift; path = FeedMapNode.swift; sourceTree = "<group>"; };
		F922E8C12598E89D007F33D4 /* Catniverse.app */ = {isa = PBXFileReference; explicitFileType = wrapper.application; includeInIndex = 0; path = Catniverse.app; sourceTree = BUILT_PRODUCTS_DIR; };
		F922E8C42598E89D007F33D4 /* AppDelegate.swift */ = {isa = PBXFileReference; lastKnownFileType = sourcecode.swift; path = AppDelegate.swift; sourceTree = "<group>"; };
		F922E8CD2598E89E007F33D4 /* Image.xcassets */ = {isa = PBXFileReference; lastKnownFileType = folder.assetcatalog; path = Image.xcassets; sourceTree = "<group>"; };
		F922E8D02598E89E007F33D4 /* Base */ = {isa = PBXFileReference; lastKnownFileType = file.storyboard; name = Base; path = Base.lproj/LaunchScreen.storyboard; sourceTree = "<group>"; };
		F922E8D22598E89E007F33D4 /* Info.plist */ = {isa = PBXFileReference; lastKnownFileType = text.plist.xml; path = Info.plist; sourceTree = "<group>"; };
		F922E8D72598E89F007F33D4 /* CatniverseTests.xctest */ = {isa = PBXFileReference; explicitFileType = wrapper.cfbundle; includeInIndex = 0; path = CatniverseTests.xctest; sourceTree = BUILT_PRODUCTS_DIR; };
		F922E8DB2598E89F007F33D4 /* CatniverseTests.swift */ = {isa = PBXFileReference; lastKnownFileType = sourcecode.swift; path = CatniverseTests.swift; sourceTree = "<group>"; };
		F922E8DD2598E89F007F33D4 /* Info.plist */ = {isa = PBXFileReference; lastKnownFileType = text.plist.xml; path = Info.plist; sourceTree = "<group>"; };
		F922E8E22598E89F007F33D4 /* CatniverseUITests.xctest */ = {isa = PBXFileReference; explicitFileType = wrapper.cfbundle; includeInIndex = 0; path = CatniverseUITests.xctest; sourceTree = BUILT_PRODUCTS_DIR; };
		F922E8E62598E89F007F33D4 /* CatniverseUITests.swift */ = {isa = PBXFileReference; lastKnownFileType = sourcecode.swift; path = CatniverseUITests.swift; sourceTree = "<group>"; };
		F922E8E82598E89F007F33D4 /* Info.plist */ = {isa = PBXFileReference; lastKnownFileType = text.plist.xml; path = Info.plist; sourceTree = "<group>"; };
		F922E9232598E9EB007F33D4 /* Color.xcassets */ = {isa = PBXFileReference; lastKnownFileType = folder.assetcatalog; path = Color.xcassets; sourceTree = "<group>"; };
		F922E93F2598EA85007F33D4 /* SplashPresenter.swift */ = {isa = PBXFileReference; lastKnownFileType = sourcecode.swift; path = SplashPresenter.swift; sourceTree = "<group>"; };
		F922E9402598EA85007F33D4 /* SplashWorker.swift */ = {isa = PBXFileReference; lastKnownFileType = sourcecode.swift; path = SplashWorker.swift; sourceTree = "<group>"; };
		F922E9412598EA85007F33D4 /* SplashRouter.swift */ = {isa = PBXFileReference; lastKnownFileType = sourcecode.swift; path = SplashRouter.swift; sourceTree = "<group>"; };
		F922E9422598EA85007F33D4 /* SplashModels.swift */ = {isa = PBXFileReference; lastKnownFileType = sourcecode.swift; path = SplashModels.swift; sourceTree = "<group>"; };
		F922E9432598EA85007F33D4 /* SplashViewController.swift */ = {isa = PBXFileReference; lastKnownFileType = sourcecode.swift; path = SplashViewController.swift; sourceTree = "<group>"; };
		F922E9442598EA85007F33D4 /* SplashInteractor.swift */ = {isa = PBXFileReference; lastKnownFileType = sourcecode.swift; path = SplashInteractor.swift; sourceTree = "<group>"; };
		F922E9532598EB25007F33D4 /* BaseNode.swift */ = {isa = PBXFileReference; fileEncoding = 4; lastKnownFileType = sourcecode.swift; path = BaseNode.swift; sourceTree = "<group>"; };
		F922E9542598EB25007F33D4 /* BaseASViewController.swift */ = {isa = PBXFileReference; fileEncoding = 4; lastKnownFileType = sourcecode.swift; path = BaseASViewController.swift; sourceTree = "<group>"; };
		F922E9552598EB25007F33D4 /* BasePresenter.swift */ = {isa = PBXFileReference; fileEncoding = 4; lastKnownFileType = sourcecode.swift; path = BasePresenter.swift; sourceTree = "<group>"; };
		F922E9562598EB25007F33D4 /* BaseRouter.swift */ = {isa = PBXFileReference; fileEncoding = 4; lastKnownFileType = sourcecode.swift; path = BaseRouter.swift; sourceTree = "<group>"; };
		F922E9572598EB25007F33D4 /* BaseInteractor.swift */ = {isa = PBXFileReference; fileEncoding = 4; lastKnownFileType = sourcecode.swift; path = BaseInteractor.swift; sourceTree = "<group>"; };
		F922E9582598EB25007F33D4 /* BaseWorker.swift */ = {isa = PBXFileReference; fileEncoding = 4; lastKnownFileType = sourcecode.swift; path = BaseWorker.swift; sourceTree = "<group>"; };
		F922E9632598EB6B007F33D4 /* Logging.swift */ = {isa = PBXFileReference; fileEncoding = 4; lastKnownFileType = sourcecode.swift; path = Logging.swift; sourceTree = "<group>"; };
		F922E96C2598EE85007F33D4 /* MainPresenter.swift */ = {isa = PBXFileReference; lastKnownFileType = sourcecode.swift; path = MainPresenter.swift; sourceTree = "<group>"; };
		F922E96D2598EE85007F33D4 /* MainWorker.swift */ = {isa = PBXFileReference; lastKnownFileType = sourcecode.swift; path = MainWorker.swift; sourceTree = "<group>"; };
		F922E96E2598EE85007F33D4 /* MainRouter.swift */ = {isa = PBXFileReference; lastKnownFileType = sourcecode.swift; path = MainRouter.swift; sourceTree = "<group>"; };
		F922E96F2598EE85007F33D4 /* MainModels.swift */ = {isa = PBXFileReference; lastKnownFileType = sourcecode.swift; path = MainModels.swift; sourceTree = "<group>"; };
		F922E9702598EE85007F33D4 /* MainViewController.swift */ = {isa = PBXFileReference; lastKnownFileType = sourcecode.swift; path = MainViewController.swift; sourceTree = "<group>"; };
		F922E9712598EE85007F33D4 /* MainInteractor.swift */ = {isa = PBXFileReference; lastKnownFileType = sourcecode.swift; path = MainInteractor.swift; sourceTree = "<group>"; };
		F922E98D2598EE97007F33D4 /* AddPresenter.swift */ = {isa = PBXFileReference; lastKnownFileType = sourcecode.swift; path = AddPresenter.swift; sourceTree = "<group>"; };
		F922E98E2598EE97007F33D4 /* AddWorker.swift */ = {isa = PBXFileReference; lastKnownFileType = sourcecode.swift; path = AddWorker.swift; sourceTree = "<group>"; };
		F922E98F2598EE97007F33D4 /* AddRouter.swift */ = {isa = PBXFileReference; lastKnownFileType = sourcecode.swift; path = AddRouter.swift; sourceTree = "<group>"; };
		F922E9902598EE97007F33D4 /* AddModels.swift */ = {isa = PBXFileReference; lastKnownFileType = sourcecode.swift; path = AddModels.swift; sourceTree = "<group>"; };
		F922E9912598EE97007F33D4 /* AddViewController.swift */ = {isa = PBXFileReference; lastKnownFileType = sourcecode.swift; path = AddViewController.swift; sourceTree = "<group>"; };
		F922E9922598EE97007F33D4 /* AddInteractor.swift */ = {isa = PBXFileReference; lastKnownFileType = sourcecode.swift; path = AddInteractor.swift; sourceTree = "<group>"; };
		F922E99C2598EEA3007F33D4 /* UserPresenter.swift */ = {isa = PBXFileReference; lastKnownFileType = sourcecode.swift; path = UserPresenter.swift; sourceTree = "<group>"; };
		F922E99D2598EEA3007F33D4 /* UserWorker.swift */ = {isa = PBXFileReference; lastKnownFileType = sourcecode.swift; path = UserWorker.swift; sourceTree = "<group>"; };
		F922E99E2598EEA3007F33D4 /* UserRouter.swift */ = {isa = PBXFileReference; lastKnownFileType = sourcecode.swift; path = UserRouter.swift; sourceTree = "<group>"; };
		F922E99F2598EEA3007F33D4 /* UserModels.swift */ = {isa = PBXFileReference; lastKnownFileType = sourcecode.swift; path = UserModels.swift; sourceTree = "<group>"; };
		F922E9A02598EEA3007F33D4 /* UserViewController.swift */ = {isa = PBXFileReference; lastKnownFileType = sourcecode.swift; path = UserViewController.swift; sourceTree = "<group>"; };
		F922E9A12598EEA3007F33D4 /* UserInteractor.swift */ = {isa = PBXFileReference; lastKnownFileType = sourcecode.swift; path = UserInteractor.swift; sourceTree = "<group>"; };
		F922E9AB2598EF95007F33D4 /* BaseAsTabBarController.swift */ = {isa = PBXFileReference; lastKnownFileType = sourcecode.swift; path = BaseAsTabBarController.swift; sourceTree = "<group>"; };
		F922E9BA2598F1F5007F33D4 /* UIViewController+Rx.swift */ = {isa = PBXFileReference; fileEncoding = 4; lastKnownFileType = sourcecode.swift; path = "UIViewController+Rx.swift"; sourceTree = "<group>"; };
		F922EA0E2599D592007F33D4 /* Device.swift */ = {isa = PBXFileReference; lastKnownFileType = sourcecode.swift; path = Device.swift; sourceTree = "<group>"; };
		F922EA8B259A2D11007F33D4 /* UIViewController+.swift */ = {isa = PBXFileReference; lastKnownFileType = sourcecode.swift; path = "UIViewController+.swift"; sourceTree = "<group>"; };
		F922EA93259A2D85007F33D4 /* UIApplication.swift */ = {isa = PBXFileReference; lastKnownFileType = sourcecode.swift; path = UIApplication.swift; sourceTree = "<group>"; };
		F922EAA0259A4269007F33D4 /* Color.swift */ = {isa = PBXFileReference; lastKnownFileType = sourcecode.swift; path = Color.swift; sourceTree = "<group>"; };
		F922EABA259B08DE007F33D4 /* ASControlNode+Rx.swift */ = {isa = PBXFileReference; lastKnownFileType = sourcecode.swift; path = "ASControlNode+Rx.swift"; sourceTree = "<group>"; };
		F922EABF259B0913007F33D4 /* ASControlTarget.swift */ = {isa = PBXFileReference; lastKnownFileType = sourcecode.swift; path = ASControlTarget.swift; sourceTree = "<group>"; };
		F922EAC4259B094F007F33D4 /* ASRxTarget.swift */ = {isa = PBXFileReference; lastKnownFileType = sourcecode.swift; path = ASRxTarget.swift; sourceTree = "<group>"; };
		F922EACC259B09DB007F33D4 /* ObservableType.swift */ = {isa = PBXFileReference; lastKnownFileType = sourcecode.swift; path = ObservableType.swift; sourceTree = "<group>"; };
		F922EAD6259B11DD007F33D4 /* UIView+.swift */ = {isa = PBXFileReference; lastKnownFileType = sourcecode.swift; path = "UIView+.swift"; sourceTree = "<group>"; };
		F9680D56259CD78B008F3A58 /* FeedPresenter.swift */ = {isa = PBXFileReference; lastKnownFileType = sourcecode.swift; path = FeedPresenter.swift; sourceTree = "<group>"; };
		F9680D57259CD78B008F3A58 /* FeedWorker.swift */ = {isa = PBXFileReference; lastKnownFileType = sourcecode.swift; path = FeedWorker.swift; sourceTree = "<group>"; };
		F9680D58259CD78B008F3A58 /* FeedRouter.swift */ = {isa = PBXFileReference; lastKnownFileType = sourcecode.swift; path = FeedRouter.swift; sourceTree = "<group>"; };
		F9680D59259CD78B008F3A58 /* FeedModels.swift */ = {isa = PBXFileReference; lastKnownFileType = sourcecode.swift; path = FeedModels.swift; sourceTree = "<group>"; };
		F9680D5A259CD78B008F3A58 /* FeedViewController.swift */ = {isa = PBXFileReference; lastKnownFileType = sourcecode.swift; path = FeedViewController.swift; sourceTree = "<group>"; };
		F9680D5B259CD78B008F3A58 /* FeedInteractor.swift */ = {isa = PBXFileReference; lastKnownFileType = sourcecode.swift; path = FeedInteractor.swift; sourceTree = "<group>"; };
		F9680D69259E36F7008F3A58 /* FeedBottomNode.swift */ = {isa = PBXFileReference; lastKnownFileType = sourcecode.swift; path = FeedBottomNode.swift; sourceTree = "<group>"; };
/* End PBXFileReference section */

/* Begin PBXFrameworksBuildPhase section */
		F922E8BE2598E89D007F33D4 /* Frameworks */ = {
			isa = PBXFrameworksBuildPhase;
			buildActionMask = 2147483647;
			files = (
				F9C5842C259BA6FD0037B6E8 /* RxCocoa in Frameworks */,
				F9C5842A259BA6FD0037B6E8 /* RxRelay in Frameworks */,
				F9C58420259BA6BE0037B6E8 /* Then in Frameworks */,
				F9C58426259BA6FD0037B6E8 /* RxSwift in Frameworks */,
				F9C58434259BA71E0037B6E8 /* Resolver in Frameworks */,
				F91EBE46259E405400A8BCB1 /* PINOperation.framework in Frameworks */,
				F91EBE47259E405400A8BCB1 /* PINRemoteImage.framework in Frameworks */,
				F91EBE48259E405400A8BCB1 /* PINCache.framework in Frameworks */,
				F91EBE49259E405400A8BCB1 /* AsyncDisplayKit.framework in Frameworks */,
			);
			runOnlyForDeploymentPostprocessing = 0;
		};
		F922E8D42598E89F007F33D4 /* Frameworks */ = {
			isa = PBXFrameworksBuildPhase;
			buildActionMask = 2147483647;
			files = (
				F9C58428259BA6FD0037B6E8 /* RxTest in Frameworks */,
				F9C5842E259BA6FD0037B6E8 /* RxBlocking in Frameworks */,
			);
			runOnlyForDeploymentPostprocessing = 0;
		};
		F922E8DF2598E89F007F33D4 /* Frameworks */ = {
			isa = PBXFrameworksBuildPhase;
			buildActionMask = 2147483647;
			files = (
			);
			runOnlyForDeploymentPostprocessing = 0;
		};
/* End PBXFrameworksBuildPhase section */

/* Begin PBXGroup section */
		EDFA592A24DACEEB66016E69 /* Frameworks */ = {
			isa = PBXGroup;
			children = (
				F91EBE45259E405400A8BCB1 /* AsyncDisplayKit.framework */,
				F91EBE44259E405400A8BCB1 /* PINCache.framework */,
				F91EBE42259E405400A8BCB1 /* PINOperation.framework */,
				F91EBE43259E405400A8BCB1 /* PINRemoteImage.framework */,
			);
			name = Frameworks;
			sourceTree = "<group>";
		};
		F922E8B82598E89D007F33D4 = {
			isa = PBXGroup;
			children = (
				F922E8C32598E89D007F33D4 /* Catniverse */,
				F922E8DA2598E89F007F33D4 /* CatniverseTests */,
				F922E8E52598E89F007F33D4 /* CatniverseUITests */,
				F922E8C22598E89D007F33D4 /* Products */,
				EDFA592A24DACEEB66016E69 /* Frameworks */,
			);
			sourceTree = "<group>";
		};
		F922E8C22598E89D007F33D4 /* Products */ = {
			isa = PBXGroup;
			children = (
				F922E8C12598E89D007F33D4 /* Catniverse.app */,
				F922E8D72598E89F007F33D4 /* CatniverseTests.xctest */,
				F922E8E22598E89F007F33D4 /* CatniverseUITests.xctest */,
			);
			name = Products;
			sourceTree = "<group>";
		};
		F922E8C32598E89D007F33D4 /* Catniverse */ = {
			isa = PBXGroup;
			children = (
				F922E9172598E98D007F33D4 /* Sources */,
				F922E9182598E992007F33D4 /* Resources */,
				F922E91C2598E998007F33D4 /* Supportings */,
			);
			path = Catniverse;
			sourceTree = "<group>";
		};
		F922E8DA2598E89F007F33D4 /* CatniverseTests */ = {
			isa = PBXGroup;
			children = (
				F922E8DB2598E89F007F33D4 /* CatniverseTests.swift */,
				F922E8DD2598E89F007F33D4 /* Info.plist */,
			);
			path = CatniverseTests;
			sourceTree = "<group>";
		};
		F922E8E52598E89F007F33D4 /* CatniverseUITests */ = {
			isa = PBXGroup;
			children = (
				F922E8E62598E89F007F33D4 /* CatniverseUITests.swift */,
				F922E8E82598E89F007F33D4 /* Info.plist */,
			);
			path = CatniverseUITests;
			sourceTree = "<group>";
		};
		F922E9172598E98D007F33D4 /* Sources */ = {
			isa = PBXGroup;
			children = (
				F922E91E2598E9AD007F33D4 /* Application */,
				F922E93D2598EA6F007F33D4 /* Scenes */,
				F922E9512598EAE1007F33D4 /* Common */,
			);
			path = Sources;
			sourceTree = "<group>";
		};
		F922E9182598E992007F33D4 /* Resources */ = {
			isa = PBXGroup;
			children = (
				F922E9222598E9D2007F33D4 /* Assets */,
				F922E9362598E9FA007F33D4 /* Storyboards */,
			);
			path = Resources;
			sourceTree = "<group>";
		};
		F922E91C2598E998007F33D4 /* Supportings */ = {
			isa = PBXGroup;
			children = (
				F922E91D2598E9A3007F33D4 /* plists */,
			);
			path = Supportings;
			sourceTree = "<group>";
		};
		F922E91D2598E9A3007F33D4 /* plists */ = {
			isa = PBXGroup;
			children = (
				F922E8D22598E89E007F33D4 /* Info.plist */,
			);
			path = plists;
			sourceTree = "<group>";
		};
		F922E91E2598E9AD007F33D4 /* Application */ = {
			isa = PBXGroup;
			children = (
				F922E8C42598E89D007F33D4 /* AppDelegate.swift */,
			);
			path = Application;
			sourceTree = "<group>";
		};
		F922E9222598E9D2007F33D4 /* Assets */ = {
			isa = PBXGroup;
			children = (
				F922E8CD2598E89E007F33D4 /* Image.xcassets */,
				F922E9232598E9EB007F33D4 /* Color.xcassets */,
			);
			path = Assets;
			sourceTree = "<group>";
		};
		F922E9362598E9FA007F33D4 /* Storyboards */ = {
			isa = PBXGroup;
			children = (
				F922E8CF2598E89E007F33D4 /* LaunchScreen.storyboard */,
			);
			path = Storyboards;
			sourceTree = "<group>";
		};
		F922E93D2598EA6F007F33D4 /* Scenes */ = {
			isa = PBXGroup;
			children = (
				F922E93E2598EA78007F33D4 /* Splash */,
				F922E9682598EDA1007F33D4 /* Main */,
				F922E9692598EDF1007F33D4 /* Feed */,
				F922E96A2598EE08007F33D4 /* Add */,
				F922E96B2598EE1E007F33D4 /* User */,
			);
			path = Scenes;
			sourceTree = "<group>";
		};
		F922E93E2598EA78007F33D4 /* Splash */ = {
			isa = PBXGroup;
			children = (
				F922E93F2598EA85007F33D4 /* SplashPresenter.swift */,
				F922E9402598EA85007F33D4 /* SplashWorker.swift */,
				F922E9412598EA85007F33D4 /* SplashRouter.swift */,
				F922E9422598EA85007F33D4 /* SplashModels.swift */,
				F922E9432598EA85007F33D4 /* SplashViewController.swift */,
				F922E9442598EA85007F33D4 /* SplashInteractor.swift */,
			);
			path = Splash;
			sourceTree = "<group>";
		};
		F922E9512598EAE1007F33D4 /* Common */ = {
			isa = PBXGroup;
			children = (
				F922EA0D2599D58C007F33D4 /* Constants */,
				F922E9522598EAEC007F33D4 /* Bases */,
				F922E9622598EB2F007F33D4 /* Utilities */,
				F922E9B02598F198007F33D4 /* Extensions */,
			);
			path = Common;
			sourceTree = "<group>";
		};
		F922E9522598EAEC007F33D4 /* Bases */ = {
			isa = PBXGroup;
			children = (
				F922E9542598EB25007F33D4 /* BaseASViewController.swift */,
				F922E9AB2598EF95007F33D4 /* BaseAsTabBarController.swift */,
				F922E9572598EB25007F33D4 /* BaseInteractor.swift */,
				F922E9532598EB25007F33D4 /* BaseNode.swift */,
				F922E9552598EB25007F33D4 /* BasePresenter.swift */,
				F922E9562598EB25007F33D4 /* BaseRouter.swift */,
				F922E9582598EB25007F33D4 /* BaseWorker.swift */,
			);
			path = Bases;
			sourceTree = "<group>";
		};
		F922E9622598EB2F007F33D4 /* Utilities */ = {
			isa = PBXGroup;
			children = (
				F922E9632598EB6B007F33D4 /* Logging.swift */,
			);
			path = Utilities;
			sourceTree = "<group>";
		};
		F922E9682598EDA1007F33D4 /* Main */ = {
			isa = PBXGroup;
			children = (
				F922E96C2598EE85007F33D4 /* MainPresenter.swift */,
				F922E96D2598EE85007F33D4 /* MainWorker.swift */,
				F922E96E2598EE85007F33D4 /* MainRouter.swift */,
				F922E96F2598EE85007F33D4 /* MainModels.swift */,
				F922E9702598EE85007F33D4 /* MainViewController.swift */,
				F922E9712598EE85007F33D4 /* MainInteractor.swift */,
			);
			path = Main;
			sourceTree = "<group>";
		};
		F922E9692598EDF1007F33D4 /* Feed */ = {
			isa = PBXGroup;
			children = (
				F9680D5A259CD78B008F3A58 /* FeedViewController.swift */,
				F9680D5B259CD78B008F3A58 /* FeedInteractor.swift */,
				F9680D56259CD78B008F3A58 /* FeedPresenter.swift */,
				F9680D57259CD78B008F3A58 /* FeedWorker.swift */,
				F9680D58259CD78B008F3A58 /* FeedRouter.swift */,
				F9680D59259CD78B008F3A58 /* FeedModels.swift */,
				F9680D68259E36ED008F3A58 /* Nodes */,
			);
			path = Feed;
			sourceTree = "<group>";
		};
		F922E96A2598EE08007F33D4 /* Add */ = {
			isa = PBXGroup;
			children = (
				F922E98D2598EE97007F33D4 /* AddPresenter.swift */,
				F922E98E2598EE97007F33D4 /* AddWorker.swift */,
				F922E98F2598EE97007F33D4 /* AddRouter.swift */,
				F922E9902598EE97007F33D4 /* AddModels.swift */,
				F922E9912598EE97007F33D4 /* AddViewController.swift */,
				F922E9922598EE97007F33D4 /* AddInteractor.swift */,
			);
			path = Add;
			sourceTree = "<group>";
		};
		F922E96B2598EE1E007F33D4 /* User */ = {
			isa = PBXGroup;
			children = (
				F922E99C2598EEA3007F33D4 /* UserPresenter.swift */,
				F922E99D2598EEA3007F33D4 /* UserWorker.swift */,
				F922E99E2598EEA3007F33D4 /* UserRouter.swift */,
				F922E99F2598EEA3007F33D4 /* UserModels.swift */,
				F922E9A02598EEA3007F33D4 /* UserViewController.swift */,
				F922E9A12598EEA3007F33D4 /* UserInteractor.swift */,
			);
			path = User;
			sourceTree = "<group>";
		};
		F922E9B02598F198007F33D4 /* Extensions */ = {
			isa = PBXGroup;
			children = (
				F922EA8A259A2D03007F33D4 /* UIKit */,
				F922E9B92598F1D9007F33D4 /* Reactive */,
			);
			path = Extensions;
			sourceTree = "<group>";
		};
		F922E9B92598F1D9007F33D4 /* Reactive */ = {
			isa = PBXGroup;
			children = (
				F922E9BA2598F1F5007F33D4 /* UIViewController+Rx.swift */,
				F922EABA259B08DE007F33D4 /* ASControlNode+Rx.swift */,
				F922EABF259B0913007F33D4 /* ASControlTarget.swift */,
				F922EAC4259B094F007F33D4 /* ASRxTarget.swift */,
				F922EACC259B09DB007F33D4 /* ObservableType.swift */,
			);
			path = Reactive;
			sourceTree = "<group>";
		};
		F922EA0D2599D58C007F33D4 /* Constants */ = {
			isa = PBXGroup;
			children = (
				F922EA0E2599D592007F33D4 /* Device.swift */,
				F922EAA0259A4269007F33D4 /* Color.swift */,
			);
			path = Constants;
			sourceTree = "<group>";
		};
		F922EA8A259A2D03007F33D4 /* UIKit */ = {
			isa = PBXGroup;
			children = (
				F922EA8B259A2D11007F33D4 /* UIViewController+.swift */,
				F922EA93259A2D85007F33D4 /* UIApplication.swift */,
				F922EAD6259B11DD007F33D4 /* UIView+.swift */,
			);
			path = UIKit;
			sourceTree = "<group>";
		};
		F9680D68259E36ED008F3A58 /* Nodes */ = {
			isa = PBXGroup;
			children = (
				F91EBE62259E490E00A8BCB1 /* FeedMapNode.swift */,
				F9680D69259E36F7008F3A58 /* FeedBottomNode.swift */,
			);
			path = Nodes;
			sourceTree = "<group>";
		};
/* End PBXGroup section */

/* Begin PBXNativeTarget section */
		F922E8C02598E89D007F33D4 /* Catniverse */ = {
			isa = PBXNativeTarget;
			buildConfigurationList = F922E8EB2598E89F007F33D4 /* Build configuration list for PBXNativeTarget "Catniverse" */;
			buildPhases = (
				F922E8BD2598E89D007F33D4 /* Sources */,
				F922E8BE2598E89D007F33D4 /* Frameworks */,
				F922E8BF2598E89D007F33D4 /* Resources */,
				F9B8543F259BA4DC00052561 /* Run Carthage Script */,
			);
			buildRules = (
			);
			dependencies = (
			);
			name = Catniverse;
			packageProductDependencies = (
				F9C5841F259BA6BE0037B6E8 /* Then */,
				F9C58425259BA6FD0037B6E8 /* RxSwift */,
				F9C58429259BA6FD0037B6E8 /* RxRelay */,
				F9C5842B259BA6FD0037B6E8 /* RxCocoa */,
				F9C58433259BA71E0037B6E8 /* Resolver */,
			);
			productName = Catniverse;
			productReference = F922E8C12598E89D007F33D4 /* Catniverse.app */;
			productType = "com.apple.product-type.application";
		};
		F922E8D62598E89F007F33D4 /* CatniverseTests */ = {
			isa = PBXNativeTarget;
			buildConfigurationList = F922E8EE2598E89F007F33D4 /* Build configuration list for PBXNativeTarget "CatniverseTests" */;
			buildPhases = (
				1887FB4E35FF125AB4D49D4C /* [CP] Check Pods Manifest.lock */,
				F922E8D32598E89F007F33D4 /* Sources */,
				F922E8D42598E89F007F33D4 /* Frameworks */,
				F922E8D52598E89F007F33D4 /* Resources */,
			);
			buildRules = (
			);
			dependencies = (
				F922E8D92598E89F007F33D4 /* PBXTargetDependency */,
			);
			name = CatniverseTests;
			packageProductDependencies = (
				F9C58427259BA6FD0037B6E8 /* RxTest */,
				F9C5842D259BA6FD0037B6E8 /* RxBlocking */,
			);
			productName = CatniverseTests;
			productReference = F922E8D72598E89F007F33D4 /* CatniverseTests.xctest */;
			productType = "com.apple.product-type.bundle.unit-test";
		};
		F922E8E12598E89F007F33D4 /* CatniverseUITests */ = {
			isa = PBXNativeTarget;
			buildConfigurationList = F922E8F12598E89F007F33D4 /* Build configuration list for PBXNativeTarget "CatniverseUITests" */;
			buildPhases = (
				A4A155E8292F59DBFB8B78EE /* [CP] Check Pods Manifest.lock */,
				F922E8DE2598E89F007F33D4 /* Sources */,
				F922E8DF2598E89F007F33D4 /* Frameworks */,
				F922E8E02598E89F007F33D4 /* Resources */,
			);
			buildRules = (
			);
			dependencies = (
				F922E8E42598E89F007F33D4 /* PBXTargetDependency */,
			);
			name = CatniverseUITests;
			productName = CatniverseUITests;
			productReference = F922E8E22598E89F007F33D4 /* CatniverseUITests.xctest */;
			productType = "com.apple.product-type.bundle.ui-testing";
		};
/* End PBXNativeTarget section */

/* Begin PBXProject section */
		F922E8B92598E89D007F33D4 /* Project object */ = {
			isa = PBXProject;
			attributes = {
				LastSwiftUpdateCheck = 1230;
				LastUpgradeCheck = 1230;
				TargetAttributes = {
					F922E8C02598E89D007F33D4 = {
						CreatedOnToolsVersion = 12.3;
					};
					F922E8D62598E89F007F33D4 = {
						CreatedOnToolsVersion = 12.3;
						TestTargetID = F922E8C02598E89D007F33D4;
					};
					F922E8E12598E89F007F33D4 = {
						CreatedOnToolsVersion = 12.3;
						TestTargetID = F922E8C02598E89D007F33D4;
					};
				};
			};
			buildConfigurationList = F922E8BC2598E89D007F33D4 /* Build configuration list for PBXProject "Catniverse" */;
			compatibilityVersion = "Xcode 9.3";
			developmentRegion = en;
			hasScannedForEncodings = 0;
			knownRegions = (
				en,
				Base,
			);
			mainGroup = F922E8B82598E89D007F33D4;
			packageReferences = (
				F9C5841E259BA6BE0037B6E8 /* XCRemoteSwiftPackageReference "Then" */,
				F9C58424259BA6FD0037B6E8 /* XCRemoteSwiftPackageReference "RxSwift" */,
				F9C58432259BA71E0037B6E8 /* XCRemoteSwiftPackageReference "Resolver" */,
			);
			productRefGroup = F922E8C22598E89D007F33D4 /* Products */;
			projectDirPath = "";
			projectRoot = "";
			targets = (
				F922E8C02598E89D007F33D4 /* Catniverse */,
				F922E8D62598E89F007F33D4 /* CatniverseTests */,
				F922E8E12598E89F007F33D4 /* CatniverseUITests */,
			);
		};
/* End PBXProject section */

/* Begin PBXResourcesBuildPhase section */
		F922E8BF2598E89D007F33D4 /* Resources */ = {
			isa = PBXResourcesBuildPhase;
			buildActionMask = 2147483647;
			files = (
				F922E9242598E9EB007F33D4 /* Color.xcassets in Resources */,
				F922E8D12598E89E007F33D4 /* LaunchScreen.storyboard in Resources */,
				F922E8CE2598E89E007F33D4 /* Image.xcassets in Resources */,
			);
			runOnlyForDeploymentPostprocessing = 0;
		};
		F922E8D52598E89F007F33D4 /* Resources */ = {
			isa = PBXResourcesBuildPhase;
			buildActionMask = 2147483647;
			files = (
			);
			runOnlyForDeploymentPostprocessing = 0;
		};
		F922E8E02598E89F007F33D4 /* Resources */ = {
			isa = PBXResourcesBuildPhase;
			buildActionMask = 2147483647;
			files = (
			);
			runOnlyForDeploymentPostprocessing = 0;
		};
/* End PBXResourcesBuildPhase section */

/* Begin PBXShellScriptBuildPhase section */
		1887FB4E35FF125AB4D49D4C /* [CP] Check Pods Manifest.lock */ = {
			isa = PBXShellScriptBuildPhase;
			buildActionMask = 2147483647;
			files = (
			);
			inputFileListPaths = (
			);
			inputPaths = (
				"${PODS_PODFILE_DIR_PATH}/Podfile.lock",
				"${PODS_ROOT}/Manifest.lock",
			);
			name = "[CP] Check Pods Manifest.lock";
			outputFileListPaths = (
			);
			outputPaths = (
				"$(DERIVED_FILE_DIR)/Pods-CatniverseTests-checkManifestLockResult.txt",
			);
			runOnlyForDeploymentPostprocessing = 0;
			shellPath = /bin/sh;
			shellScript = "diff \"${PODS_PODFILE_DIR_PATH}/Podfile.lock\" \"${PODS_ROOT}/Manifest.lock\" > /dev/null\nif [ $? != 0 ] ; then\n    # print error to STDERR\n    echo \"error: The sandbox is not in sync with the Podfile.lock. Run 'pod install' or update your CocoaPods installation.\" >&2\n    exit 1\nfi\n# This output is used by Xcode 'outputs' to avoid re-running this script phase.\necho \"SUCCESS\" > \"${SCRIPT_OUTPUT_FILE_0}\"\n";
			showEnvVarsInLog = 0;
		};
		A4A155E8292F59DBFB8B78EE /* [CP] Check Pods Manifest.lock */ = {
			isa = PBXShellScriptBuildPhase;
			buildActionMask = 2147483647;
			files = (
			);
			inputFileListPaths = (
			);
			inputPaths = (
				"${PODS_PODFILE_DIR_PATH}/Podfile.lock",
				"${PODS_ROOT}/Manifest.lock",
			);
			name = "[CP] Check Pods Manifest.lock";
			outputFileListPaths = (
			);
			outputPaths = (
				"$(DERIVED_FILE_DIR)/Pods-Catniverse-CatniverseUITests-checkManifestLockResult.txt",
			);
			runOnlyForDeploymentPostprocessing = 0;
			shellPath = /bin/sh;
			shellScript = "diff \"${PODS_PODFILE_DIR_PATH}/Podfile.lock\" \"${PODS_ROOT}/Manifest.lock\" > /dev/null\nif [ $? != 0 ] ; then\n    # print error to STDERR\n    echo \"error: The sandbox is not in sync with the Podfile.lock. Run 'pod install' or update your CocoaPods installation.\" >&2\n    exit 1\nfi\n# This output is used by Xcode 'outputs' to avoid re-running this script phase.\necho \"SUCCESS\" > \"${SCRIPT_OUTPUT_FILE_0}\"\n";
			showEnvVarsInLog = 0;
		};
		F9B8543F259BA4DC00052561 /* Run Carthage Script */ = {
			isa = PBXShellScriptBuildPhase;
			buildActionMask = 2147483647;
			files = (
			);
			inputFileListPaths = (
			);
			inputPaths = (
				"$(SRCROOT)/Carthage/Build/iOS/AsyncDisplayKit.framework",
				"$(SRCROOT)/Carthage/Build/iOS/PINCache.framework",
				"$(SRCROOT)/Carthage/Build/iOS/PINOperation.framework",
				"$(SRCROOT)/Carthage/Build/iOS/PINRemoteImage.framework",
			);
			name = "Run Carthage Script";
			outputFileListPaths = (
			);
			outputPaths = (
			);
			runOnlyForDeploymentPostprocessing = 0;
			shellPath = /bin/sh;
			shellScript = "/usr/local/bin/carthage copy-frameworks\n";
		};
/* End PBXShellScriptBuildPhase section */

/* Begin PBXSourcesBuildPhase section */
		F922E8BD2598E89D007F33D4 /* Sources */ = {
			isa = PBXSourcesBuildPhase;
			buildActionMask = 2147483647;
			files = (
				F922E8C52598E89D007F33D4 /* AppDelegate.swift in Sources */,
				F922E9AC2598EF95007F33D4 /* BaseAsTabBarController.swift in Sources */,
				F922E95B2598EB25007F33D4 /* BasePresenter.swift in Sources */,
				F922E9752598EE85007F33D4 /* MainModels.swift in Sources */,
				F922E9A72598EEA3007F33D4 /* UserInteractor.swift in Sources */,
				F922E9A42598EEA3007F33D4 /* UserRouter.swift in Sources */,
				F9680D5D259CD78B008F3A58 /* FeedWorker.swift in Sources */,
				F922E9772598EE85007F33D4 /* MainInteractor.swift in Sources */,
				F922EAA1259A4269007F33D4 /* Color.swift in Sources */,
				F922EABB259B08DE007F33D4 /* ASControlNode+Rx.swift in Sources */,
				F922E94A2598EA85007F33D4 /* SplashInteractor.swift in Sources */,
				F922E9742598EE85007F33D4 /* MainRouter.swift in Sources */,
				F9680D5F259CD78B008F3A58 /* FeedModels.swift in Sources */,
				F922E9962598EE97007F33D4 /* AddModels.swift in Sources */,
				F922E9762598EE85007F33D4 /* MainViewController.swift in Sources */,
				F922EACD259B09DB007F33D4 /* ObservableType.swift in Sources */,
				F9680D5C259CD78B008F3A58 /* FeedPresenter.swift in Sources */,
				F922E9642598EB6B007F33D4 /* Logging.swift in Sources */,
				F922EAC5259B094F007F33D4 /* ASRxTarget.swift in Sources */,
				F922E9592598EB25007F33D4 /* BaseNode.swift in Sources */,
				F922E9472598EA85007F33D4 /* SplashRouter.swift in Sources */,
				F922E95D2598EB25007F33D4 /* BaseInteractor.swift in Sources */,
				F9680D60259CD78B008F3A58 /* FeedViewController.swift in Sources */,
				F922E9452598EA85007F33D4 /* SplashPresenter.swift in Sources */,
				F922E9492598EA85007F33D4 /* SplashViewController.swift in Sources */,
				F9680D6A259E36F7008F3A58 /* FeedBottomNode.swift in Sources */,
				F922E95C2598EB25007F33D4 /* BaseRouter.swift in Sources */,
				F922E9982598EE97007F33D4 /* AddInteractor.swift in Sources */,
				F922E9972598EE97007F33D4 /* AddViewController.swift in Sources */,
				F922E9942598EE97007F33D4 /* AddWorker.swift in Sources */,
				F922E9A62598EEA3007F33D4 /* UserViewController.swift in Sources */,
				F922E9A22598EEA3007F33D4 /* UserPresenter.swift in Sources */,
				F922E9732598EE85007F33D4 /* MainWorker.swift in Sources */,
				F9680D5E259CD78B008F3A58 /* FeedRouter.swift in Sources */,
				F91EBE63259E490E00A8BCB1 /* FeedMapNode.swift in Sources */,
				F922E9952598EE97007F33D4 /* AddRouter.swift in Sources */,
				F922EA0F2599D592007F33D4 /* Device.swift in Sources */,
				F922E9932598EE97007F33D4 /* AddPresenter.swift in Sources */,
				F922E9722598EE85007F33D4 /* MainPresenter.swift in Sources */,
				F922EAD7259B11DD007F33D4 /* UIView+.swift in Sources */,
				F9680D61259CD78B008F3A58 /* FeedInteractor.swift in Sources */,
				F922E9BB2598F1F5007F33D4 /* UIViewController+Rx.swift in Sources */,
				F922E9482598EA85007F33D4 /* SplashModels.swift in Sources */,
				F922EAC0259B0913007F33D4 /* ASControlTarget.swift in Sources */,
				F922EA8C259A2D11007F33D4 /* UIViewController+.swift in Sources */,
				F922E95E2598EB25007F33D4 /* BaseWorker.swift in Sources */,
				F922E9A32598EEA3007F33D4 /* UserWorker.swift in Sources */,
				F922EA94259A2D85007F33D4 /* UIApplication.swift in Sources */,
				F922E9462598EA85007F33D4 /* SplashWorker.swift in Sources */,
				F922E95A2598EB25007F33D4 /* BaseASViewController.swift in Sources */,
				F922E9A52598EEA3007F33D4 /* UserModels.swift in Sources */,
			);
			runOnlyForDeploymentPostprocessing = 0;
		};
		F922E8D32598E89F007F33D4 /* Sources */ = {
			isa = PBXSourcesBuildPhase;
			buildActionMask = 2147483647;
			files = (
				F922E8DC2598E89F007F33D4 /* CatniverseTests.swift in Sources */,
			);
			runOnlyForDeploymentPostprocessing = 0;
		};
		F922E8DE2598E89F007F33D4 /* Sources */ = {
			isa = PBXSourcesBuildPhase;
			buildActionMask = 2147483647;
			files = (
				F922E8E72598E89F007F33D4 /* CatniverseUITests.swift in Sources */,
			);
			runOnlyForDeploymentPostprocessing = 0;
		};
/* End PBXSourcesBuildPhase section */

/* Begin PBXTargetDependency section */
		F922E8D92598E89F007F33D4 /* PBXTargetDependency */ = {
			isa = PBXTargetDependency;
			target = F922E8C02598E89D007F33D4 /* Catniverse */;
			targetProxy = F922E8D82598E89F007F33D4 /* PBXContainerItemProxy */;
		};
		F922E8E42598E89F007F33D4 /* PBXTargetDependency */ = {
			isa = PBXTargetDependency;
			target = F922E8C02598E89D007F33D4 /* Catniverse */;
			targetProxy = F922E8E32598E89F007F33D4 /* PBXContainerItemProxy */;
		};
/* End PBXTargetDependency section */

/* Begin PBXVariantGroup section */
		F922E8CF2598E89E007F33D4 /* LaunchScreen.storyboard */ = {
			isa = PBXVariantGroup;
			children = (
				F922E8D02598E89E007F33D4 /* Base */,
			);
			name = LaunchScreen.storyboard;
			sourceTree = "<group>";
		};
/* End PBXVariantGroup section */

/* Begin XCBuildConfiguration section */
		F922E8E92598E89F007F33D4 /* Debug */ = {
			isa = XCBuildConfiguration;
			buildSettings = {
				ALWAYS_SEARCH_USER_PATHS = NO;
				CLANG_ANALYZER_NONNULL = YES;
				CLANG_ANALYZER_NUMBER_OBJECT_CONVERSION = YES_AGGRESSIVE;
				CLANG_CXX_LANGUAGE_STANDARD = "gnu++14";
				CLANG_CXX_LIBRARY = "libc++";
				CLANG_ENABLE_MODULES = YES;
				CLANG_ENABLE_OBJC_ARC = YES;
				CLANG_ENABLE_OBJC_WEAK = YES;
				CLANG_WARN_BLOCK_CAPTURE_AUTORELEASING = YES;
				CLANG_WARN_BOOL_CONVERSION = YES;
				CLANG_WARN_COMMA = YES;
				CLANG_WARN_CONSTANT_CONVERSION = YES;
				CLANG_WARN_DEPRECATED_OBJC_IMPLEMENTATIONS = YES;
				CLANG_WARN_DIRECT_OBJC_ISA_USAGE = YES_ERROR;
				CLANG_WARN_DOCUMENTATION_COMMENTS = YES;
				CLANG_WARN_EMPTY_BODY = YES;
				CLANG_WARN_ENUM_CONVERSION = YES;
				CLANG_WARN_INFINITE_RECURSION = YES;
				CLANG_WARN_INT_CONVERSION = YES;
				CLANG_WARN_NON_LITERAL_NULL_CONVERSION = YES;
				CLANG_WARN_OBJC_IMPLICIT_RETAIN_SELF = YES;
				CLANG_WARN_OBJC_LITERAL_CONVERSION = YES;
				CLANG_WARN_OBJC_ROOT_CLASS = YES_ERROR;
				CLANG_WARN_QUOTED_INCLUDE_IN_FRAMEWORK_HEADER = YES;
				CLANG_WARN_RANGE_LOOP_ANALYSIS = YES;
				CLANG_WARN_STRICT_PROTOTYPES = YES;
				CLANG_WARN_SUSPICIOUS_MOVE = YES;
				CLANG_WARN_UNGUARDED_AVAILABILITY = YES_AGGRESSIVE;
				CLANG_WARN_UNREACHABLE_CODE = YES;
				CLANG_WARN__DUPLICATE_METHOD_MATCH = YES;
				COPY_PHASE_STRIP = NO;
				DEBUG_INFORMATION_FORMAT = dwarf;
				ENABLE_STRICT_OBJC_MSGSEND = YES;
				ENABLE_TESTABILITY = YES;
				GCC_C_LANGUAGE_STANDARD = gnu11;
				GCC_DYNAMIC_NO_PIC = NO;
				GCC_NO_COMMON_BLOCKS = YES;
				GCC_OPTIMIZATION_LEVEL = 0;
				GCC_PREPROCESSOR_DEFINITIONS = (
					"DEBUG=1",
					"$(inherited)",
				);
				GCC_WARN_64_TO_32_BIT_CONVERSION = YES;
				GCC_WARN_ABOUT_RETURN_TYPE = YES_ERROR;
				GCC_WARN_UNDECLARED_SELECTOR = YES;
				GCC_WARN_UNINITIALIZED_AUTOS = YES_AGGRESSIVE;
				GCC_WARN_UNUSED_FUNCTION = YES;
				GCC_WARN_UNUSED_VARIABLE = YES;
				IPHONEOS_DEPLOYMENT_TARGET = 14.3;
				MTL_ENABLE_DEBUG_INFO = INCLUDE_SOURCE;
				MTL_FAST_MATH = YES;
				ONLY_ACTIVE_ARCH = YES;
				SDKROOT = iphoneos;
				SWIFT_ACTIVE_COMPILATION_CONDITIONS = DEBUG;
				SWIFT_OPTIMIZATION_LEVEL = "-Onone";
			};
			name = Debug;
		};
		F922E8EA2598E89F007F33D4 /* Release */ = {
			isa = XCBuildConfiguration;
			buildSettings = {
				ALWAYS_SEARCH_USER_PATHS = NO;
				CLANG_ANALYZER_NONNULL = YES;
				CLANG_ANALYZER_NUMBER_OBJECT_CONVERSION = YES_AGGRESSIVE;
				CLANG_CXX_LANGUAGE_STANDARD = "gnu++14";
				CLANG_CXX_LIBRARY = "libc++";
				CLANG_ENABLE_MODULES = YES;
				CLANG_ENABLE_OBJC_ARC = YES;
				CLANG_ENABLE_OBJC_WEAK = YES;
				CLANG_WARN_BLOCK_CAPTURE_AUTORELEASING = YES;
				CLANG_WARN_BOOL_CONVERSION = YES;
				CLANG_WARN_COMMA = YES;
				CLANG_WARN_CONSTANT_CONVERSION = YES;
				CLANG_WARN_DEPRECATED_OBJC_IMPLEMENTATIONS = YES;
				CLANG_WARN_DIRECT_OBJC_ISA_USAGE = YES_ERROR;
				CLANG_WARN_DOCUMENTATION_COMMENTS = YES;
				CLANG_WARN_EMPTY_BODY = YES;
				CLANG_WARN_ENUM_CONVERSION = YES;
				CLANG_WARN_INFINITE_RECURSION = YES;
				CLANG_WARN_INT_CONVERSION = YES;
				CLANG_WARN_NON_LITERAL_NULL_CONVERSION = YES;
				CLANG_WARN_OBJC_IMPLICIT_RETAIN_SELF = YES;
				CLANG_WARN_OBJC_LITERAL_CONVERSION = YES;
				CLANG_WARN_OBJC_ROOT_CLASS = YES_ERROR;
				CLANG_WARN_QUOTED_INCLUDE_IN_FRAMEWORK_HEADER = YES;
				CLANG_WARN_RANGE_LOOP_ANALYSIS = YES;
				CLANG_WARN_STRICT_PROTOTYPES = YES;
				CLANG_WARN_SUSPICIOUS_MOVE = YES;
				CLANG_WARN_UNGUARDED_AVAILABILITY = YES_AGGRESSIVE;
				CLANG_WARN_UNREACHABLE_CODE = YES;
				CLANG_WARN__DUPLICATE_METHOD_MATCH = YES;
				COPY_PHASE_STRIP = NO;
				DEBUG_INFORMATION_FORMAT = "dwarf-with-dsym";
				ENABLE_NS_ASSERTIONS = NO;
				ENABLE_STRICT_OBJC_MSGSEND = YES;
				GCC_C_LANGUAGE_STANDARD = gnu11;
				GCC_NO_COMMON_BLOCKS = YES;
				GCC_WARN_64_TO_32_BIT_CONVERSION = YES;
				GCC_WARN_ABOUT_RETURN_TYPE = YES_ERROR;
				GCC_WARN_UNDECLARED_SELECTOR = YES;
				GCC_WARN_UNINITIALIZED_AUTOS = YES_AGGRESSIVE;
				GCC_WARN_UNUSED_FUNCTION = YES;
				GCC_WARN_UNUSED_VARIABLE = YES;
				IPHONEOS_DEPLOYMENT_TARGET = 14.3;
				MTL_ENABLE_DEBUG_INFO = NO;
				MTL_FAST_MATH = YES;
				SDKROOT = iphoneos;
				SWIFT_COMPILATION_MODE = wholemodule;
				SWIFT_OPTIMIZATION_LEVEL = "-O";
				VALIDATE_PRODUCT = YES;
			};
			name = Release;
		};
		F922E8EC2598E89F007F33D4 /* Debug */ = {
			isa = XCBuildConfiguration;
			buildSettings = {
				ASSETCATALOG_COMPILER_APPICON_NAME = AppIcon;
				ASSETCATALOG_COMPILER_GLOBAL_ACCENT_COLOR_NAME = AccentColor;
				CODE_SIGN_STYLE = Automatic;
				DEVELOPMENT_TEAM = 4YL8LS5ZJC;
				FRAMEWORK_SEARCH_PATHS = (
					"$(inherited)",
					"$(PROJECT_DIR)/Carthage/Build/iOS",
				);
				INFOPLIST_FILE = Catniverse/Supportings/plists/Info.plist;
				IPHONEOS_DEPLOYMENT_TARGET = 13.0;
				LD_RUNPATH_SEARCH_PATHS = (
					"$(inherited)",
					"@executable_path/Frameworks",
				);
				PRODUCT_BUNDLE_IDENTIFIER = com.statios.Catniverse;
				PRODUCT_NAME = "$(TARGET_NAME)";
				SWIFT_VERSION = 5.0;
				TARGETED_DEVICE_FAMILY = 1;
			};
			name = Debug;
		};
		F922E8ED2598E89F007F33D4 /* Release */ = {
			isa = XCBuildConfiguration;
			buildSettings = {
				ASSETCATALOG_COMPILER_APPICON_NAME = AppIcon;
				ASSETCATALOG_COMPILER_GLOBAL_ACCENT_COLOR_NAME = AccentColor;
				CODE_SIGN_STYLE = Automatic;
				DEVELOPMENT_TEAM = 4YL8LS5ZJC;
				FRAMEWORK_SEARCH_PATHS = (
					"$(inherited)",
					"$(PROJECT_DIR)/Carthage/Build/iOS",
				);
				INFOPLIST_FILE = Catniverse/Supportings/plists/Info.plist;
				IPHONEOS_DEPLOYMENT_TARGET = 13.0;
				LD_RUNPATH_SEARCH_PATHS = (
					"$(inherited)",
					"@executable_path/Frameworks",
				);
				PRODUCT_BUNDLE_IDENTIFIER = com.statios.Catniverse;
				PRODUCT_NAME = "$(TARGET_NAME)";
				SWIFT_VERSION = 5.0;
				TARGETED_DEVICE_FAMILY = 1;
			};
			name = Release;
		};
		F922E8EF2598E89F007F33D4 /* Debug */ = {
			isa = XCBuildConfiguration;
			buildSettings = {
				ALWAYS_EMBED_SWIFT_STANDARD_LIBRARIES = YES;
				BUNDLE_LOADER = "$(TEST_HOST)";
				CODE_SIGN_STYLE = Automatic;
				DEVELOPMENT_TEAM = 4YL8LS5ZJC;
				INFOPLIST_FILE = CatniverseTests/Info.plist;
				IPHONEOS_DEPLOYMENT_TARGET = 14.3;
				LD_RUNPATH_SEARCH_PATHS = (
					"$(inherited)",
					"@executable_path/Frameworks",
					"@loader_path/Frameworks",
				);
				PRODUCT_BUNDLE_IDENTIFIER = com.statios.CatniverseTests;
				PRODUCT_NAME = "$(TARGET_NAME)";
				SWIFT_VERSION = 5.0;
				TARGETED_DEVICE_FAMILY = "1,2";
				TEST_HOST = "$(BUILT_PRODUCTS_DIR)/Catniverse.app/Catniverse";
			};
			name = Debug;
		};
		F922E8F02598E89F007F33D4 /* Release */ = {
			isa = XCBuildConfiguration;
			buildSettings = {
				ALWAYS_EMBED_SWIFT_STANDARD_LIBRARIES = YES;
				BUNDLE_LOADER = "$(TEST_HOST)";
				CODE_SIGN_STYLE = Automatic;
				DEVELOPMENT_TEAM = 4YL8LS5ZJC;
				INFOPLIST_FILE = CatniverseTests/Info.plist;
				IPHONEOS_DEPLOYMENT_TARGET = 14.3;
				LD_RUNPATH_SEARCH_PATHS = (
					"$(inherited)",
					"@executable_path/Frameworks",
					"@loader_path/Frameworks",
				);
				PRODUCT_BUNDLE_IDENTIFIER = com.statios.CatniverseTests;
				PRODUCT_NAME = "$(TARGET_NAME)";
				SWIFT_VERSION = 5.0;
				TARGETED_DEVICE_FAMILY = "1,2";
				TEST_HOST = "$(BUILT_PRODUCTS_DIR)/Catniverse.app/Catniverse";
			};
			name = Release;
		};
		F922E8F22598E89F007F33D4 /* Debug */ = {
			isa = XCBuildConfiguration;
			buildSettings = {
				ALWAYS_EMBED_SWIFT_STANDARD_LIBRARIES = YES;
				CODE_SIGN_STYLE = Automatic;
				DEVELOPMENT_TEAM = 4YL8LS5ZJC;
				INFOPLIST_FILE = CatniverseUITests/Info.plist;
				LD_RUNPATH_SEARCH_PATHS = (
					"$(inherited)",
					"@executable_path/Frameworks",
					"@loader_path/Frameworks",
				);
				PRODUCT_BUNDLE_IDENTIFIER = com.statios.CatniverseUITests;
				PRODUCT_NAME = "$(TARGET_NAME)";
				SWIFT_VERSION = 5.0;
				TARGETED_DEVICE_FAMILY = "1,2";
				TEST_TARGET_NAME = Catniverse;
			};
			name = Debug;
		};
		F922E8F32598E89F007F33D4 /* Release */ = {
			isa = XCBuildConfiguration;
			buildSettings = {
				ALWAYS_EMBED_SWIFT_STANDARD_LIBRARIES = YES;
				CODE_SIGN_STYLE = Automatic;
				DEVELOPMENT_TEAM = 4YL8LS5ZJC;
				INFOPLIST_FILE = CatniverseUITests/Info.plist;
				LD_RUNPATH_SEARCH_PATHS = (
					"$(inherited)",
					"@executable_path/Frameworks",
					"@loader_path/Frameworks",
				);
				PRODUCT_BUNDLE_IDENTIFIER = com.statios.CatniverseUITests;
				PRODUCT_NAME = "$(TARGET_NAME)";
				SWIFT_VERSION = 5.0;
				TARGETED_DEVICE_FAMILY = "1,2";
				TEST_TARGET_NAME = Catniverse;
			};
			name = Release;
		};
/* End XCBuildConfiguration section */

/* Begin XCConfigurationList section */
		F922E8BC2598E89D007F33D4 /* Build configuration list for PBXProject "Catniverse" */ = {
			isa = XCConfigurationList;
			buildConfigurations = (
				F922E8E92598E89F007F33D4 /* Debug */,
				F922E8EA2598E89F007F33D4 /* Release */,
			);
			defaultConfigurationIsVisible = 0;
			defaultConfigurationName = Release;
		};
		F922E8EB2598E89F007F33D4 /* Build configuration list for PBXNativeTarget "Catniverse" */ = {
			isa = XCConfigurationList;
			buildConfigurations = (
				F922E8EC2598E89F007F33D4 /* Debug */,
				F922E8ED2598E89F007F33D4 /* Release */,
			);
			defaultConfigurationIsVisible = 0;
			defaultConfigurationName = Release;
		};
		F922E8EE2598E89F007F33D4 /* Build configuration list for PBXNativeTarget "CatniverseTests" */ = {
			isa = XCConfigurationList;
			buildConfigurations = (
				F922E8EF2598E89F007F33D4 /* Debug */,
				F922E8F02598E89F007F33D4 /* Release */,
			);
			defaultConfigurationIsVisible = 0;
			defaultConfigurationName = Release;
		};
		F922E8F12598E89F007F33D4 /* Build configuration list for PBXNativeTarget "CatniverseUITests" */ = {
			isa = XCConfigurationList;
			buildConfigurations = (
				F922E8F22598E89F007F33D4 /* Debug */,
				F922E8F32598E89F007F33D4 /* Release */,
			);
			defaultConfigurationIsVisible = 0;
			defaultConfigurationName = Release;
		};
/* End XCConfigurationList section */

/* Begin XCRemoteSwiftPackageReference section */
		F9C5841E259BA6BE0037B6E8 /* XCRemoteSwiftPackageReference "Then" */ = {
			isa = XCRemoteSwiftPackageReference;
			repositoryURL = "https://github.com/devxoul/Then";
			requirement = {
				kind = upToNextMajorVersion;
				minimumVersion = 2.7.0;
			};
		};
		F9C58424259BA6FD0037B6E8 /* XCRemoteSwiftPackageReference "RxSwift" */ = {
			isa = XCRemoteSwiftPackageReference;
			repositoryURL = "https://github.com/ReactiveX/RxSwift";
			requirement = {
				kind = upToNextMajorVersion;
				minimumVersion = 5.1.1;
			};
		};
		F9C58432259BA71E0037B6E8 /* XCRemoteSwiftPackageReference "Resolver" */ = {
			isa = XCRemoteSwiftPackageReference;
			repositoryURL = "https://github.com/hmlongco/Resolver";
			requirement = {
				kind = upToNextMajorVersion;
				minimumVersion = 1.2.1;
			};
		};
/* End XCRemoteSwiftPackageReference section */

/* Begin XCSwiftPackageProductDependency section */
		F9C5841F259BA6BE0037B6E8 /* Then */ = {
			isa = XCSwiftPackageProductDependency;
			package = F9C5841E259BA6BE0037B6E8 /* XCRemoteSwiftPackageReference "Then" */;
			productName = Then;
		};
		F9C58425259BA6FD0037B6E8 /* RxSwift */ = {
			isa = XCSwiftPackageProductDependency;
			package = F9C58424259BA6FD0037B6E8 /* XCRemoteSwiftPackageReference "RxSwift" */;
			productName = RxSwift;
		};
		F9C58427259BA6FD0037B6E8 /* RxTest */ = {
			isa = XCSwiftPackageProductDependency;
			package = F9C58424259BA6FD0037B6E8 /* XCRemoteSwiftPackageReference "RxSwift" */;
			productName = RxTest;
		};
		F9C58429259BA6FD0037B6E8 /* RxRelay */ = {
			isa = XCSwiftPackageProductDependency;
			package = F9C58424259BA6FD0037B6E8 /* XCRemoteSwiftPackageReference "RxSwift" */;
			productName = RxRelay;
		};
		F9C5842B259BA6FD0037B6E8 /* RxCocoa */ = {
			isa = XCSwiftPackageProductDependency;
			package = F9C58424259BA6FD0037B6E8 /* XCRemoteSwiftPackageReference "RxSwift" */;
			productName = RxCocoa;
		};
		F9C5842D259BA6FD0037B6E8 /* RxBlocking */ = {
			isa = XCSwiftPackageProductDependency;
			package = F9C58424259BA6FD0037B6E8 /* XCRemoteSwiftPackageReference "RxSwift" */;
			productName = RxBlocking;
		};
		F9C58433259BA71E0037B6E8 /* Resolver */ = {
			isa = XCSwiftPackageProductDependency;
			package = F9C58432259BA71E0037B6E8 /* XCRemoteSwiftPackageReference "Resolver" */;
			productName = Resolver;
		};
/* End XCSwiftPackageProductDependency section */
	};
	rootObject = F922E8B92598E89D007F33D4 /* Project object */;
}
